
Microsoft Visual Studio Solution File, Format Version 12.00
# Visual Studio Version 16
VisualStudioVersion = 16.0.30330.147
MinimumVisualStudioVersion = 10.0.40219.1
Project("{8BC9CEB8-8B4A-11D0-8D11-00A0C91BC942}") = "Smallest_Multiple", "Smallest_Multiple\Smallest_Multiple.vcxproj", "{439E9C40-B48C-4F9F-8427-16C5FA2B2FDC}"
EndProject
Global
	GlobalSection(SolutionConfigurationPlatforms) = preSolution
		Debug|x64 = Debug|x64
		Debug|x86 = Debug|x86
		Release|x64 = Release|x64
		Release|x86 = Release|x86
	EndGlobalSection
	GlobalSection(ProjectConfigurationPlatforms) = postSolution
		{439E9C40-B48C-4F9F-8427-16C5FA2B2FDC}.Debug|x64.ActiveCfg = Debug|x64
		{439E9C40-B48C-4F9F-8427-16C5FA2B2FDC}.Debug|x64.Build.0 = Debug|x64
		{439E9C40-B48C-4F9F-8427-16C5FA2B2FDC}.Debug|x86.ActiveCfg = Debug|Win32
		{439E9C40-B48C-4F9F-8427-16C5FA2B2FDC}.Debug|x86.Build.0 = Debug|Win32
		{439E9C40-B48C-4F9F-8427-16C5FA2B2FDC}.Release|x64.ActiveCfg = Release|x64
		{439E9C40-B48C-4F9F-8427-16C5FA2B2FDC}.Release|x64.Build.0 = Release|x64
		{439E9C40-B48C-4F9F-8427-16C5FA2B2FDC}.Release|x86.ActiveCfg = Release|Win32
		{439E9C40-B48C-4F9F-8427-16C5FA2B2FDC}.Release|x86.Build.0 = Release|Win32
	EndGlobalSection
	GlobalSection(SolutionProperties) = preSolution
		HideSolutionNode = FALSE
	EndGlobalSection
	GlobalSection(ExtensibilityGlobals) = postSolution
		SolutionGuid = {0BB05438-B830-426F-AA24-042F4E503ACF}
	EndGlobalSection
EndGlobal
